{
  "nodes": {
    "flake-parts": {
      "inputs": {
        "nixpkgs-lib": "nixpkgs-lib"
      },
      "locked": {
        "lastModified": 1685546676,
        "narHash": "sha256-XDbjJyAg6odX5Vj0Q22iI/gQuFvEkv9kamsSbQ+npaI=",
        "owner": "hercules-ci",
        "repo": "flake-parts",
        "rev": "6ef2707776c6379bc727faf3f83c0dd60b06e0c6",
        "type": "github"
      },
      "original": {
        "id": "flake-parts",
        "type": "indirect"
      }
    },
    "minimal-shell": {
      "locked": {
        "lastModified": 1685167083,
        "narHash": "sha256-yEPiP3kg/bJwyXpUn/47O/dS0fyZQF2HGnyVxpdc/Ws=",
        "owner": "tie-infra",
        "repo": "minimal-shell",
        "rev": "0333af566ab29bfc44e3ee3cf806a6658ee5dbdf",
        "type": "github"
      },
      "original": {
        "owner": "tie-infra",
        "repo": "minimal-shell",
        "type": "github"
      }
    },
    "nixpkgs": {
      "locked": {
        "lastModified": 1685595362,
        "narHash": "sha256-R1lgPy/fAWafrD1YWjm/sn+eG6E6zU+8ghnM2v6qSe4=",
        "owner": "tie-infra",
        "repo": "nixpkgs",
        "rev": "2e4abce20f8dca18a5dbcbcf75eee05820834748",
        "type": "github"
      },
      "original": {
        "owner": "tie-infra",
        "ref": "nixos-23.05",
        "repo": "nixpkgs",
        "type": "github"
      }
    },
    "nixpkgs-lib": {
      "locked": {
        "dir": "lib",
        "lastModified": 1682879489,
        "narHash": "sha256-sASwo8gBt7JDnOOstnps90K1wxmVfyhsTPPNTGBPjjg=",
        "owner": "NixOS",
        "repo": "nixpkgs",
        "rev": "da45bf6ec7bbcc5d1e14d3795c025199f28e0de0",
        "type": "github"
      },
      "original": {
        "dir": "lib",
        "owner": "NixOS",
        "ref": "nixos-unstable",
        "repo": "nixpkgs",
        "type": "github"
      }
    },
    "nixpkgs-stable": {
      "locked": {
        "lastModified": 1685215858,
        "narHash": "sha256-IRMFoDXA6cYx3ifVw3B2JcC4JrjT5v7tRAx2vro2Ffs=",
        "owner": "NixOS",
        "repo": "nixpkgs",
        "rev": "ba6e4ddeb3e8ad3f3e3bec63dafbc9fe558729bb",
        "type": "github"
      },
      "original": {
        "owner": "NixOS",
        "ref": "release-22.11",
        "repo": "nixpkgs",
        "type": "github"
      }
    },
    "root": {
      "inputs": {
        "flake-parts": "flake-parts",
        "minimal-shell": "minimal-shell",
        "nixpkgs": "nixpkgs",
        "sops-nix": "sops-nix",
        "systems": "systems"
      }
    },
    "sops-nix": {
      "inputs": {
        "nixpkgs": [
          "nixpkgs"
        ],
        "nixpkgs-stable": "nixpkgs-stable"
      },
      "locked": {
        "lastModified": 1685434555,
        "narHash": "sha256-aZl0yeaYX3T2L3W3yXOd3S9OfpS+8YUOT2b1KwrSf6E=",
        "owner": "Mic92",
        "repo": "sops-nix",
        "rev": "876846cde9762ae563f018c17993354875e2538e",
        "type": "github"
      },
      "original": {
        "id": "sops-nix",
        "type": "indirect"
      }
    },
    "systems": {
      "locked": {
        "lastModified": 1681028828,
        "narHash": "sha256-Vy1rq5AaRuLzOxct8nz4T6wlgyUR7zLU309k9mBC768=",
        "owner": "nix-systems",
        "repo": "default",
        "rev": "da67096a3b9bf56a91d16901293e51ba5b49a27e",
        "type": "github"
      },
      "original": {
        "id": "systems",
        "type": "indirect"
      }
    }
  },
  "root": "root",
  "version": 7
}
